
Microsoft Visual Studio Solution File, Format Version 12.00
# Visual Studio Version 17
VisualStudioVersion = 17.2.32616.157
MinimumVisualStudioVersion = 10.0.40219.1
Project("{FAE04EC0-301F-11D3-BF4B-00C04F79EFBC}") = "CalculatorTestProject", "CalculatorTestProject\CalculatorTestProject.csproj", "{CE3484B1-A8E7-4DCC-9DC5-656068B68017}"
EndProject
Global
	GlobalSection(SolutionConfigurationPlatforms) = preSolution
		Debug|Any CPU = Debug|Any CPU
		Release|Any CPU = Release|Any CPU
	EndGlobalSection
	GlobalSection(ProjectConfigurationPlatforms) = postSolution
		{CE3484B1-A8E7-4DCC-9DC5-656068B68017}.Debug|Any CPU.ActiveCfg = Debug|Any CPU
		{CE3484B1-A8E7-4DCC-9DC5-656068B68017}.Debug|Any CPU.Build.0 = Debug|Any CPU
		{CE3484B1-A8E7-4DCC-9DC5-656068B68017}.Release|Any CPU.ActiveCfg = Release|Any CPU
		{CE3484B1-A8E7-4DCC-9DC5-656068B68017}.Release|Any CPU.Build.0 = Release|Any CPU
	EndGlobalSection
	GlobalSection(SolutionProperties) = preSolution
		HideSolutionNode = FALSE
	EndGlobalSection
	GlobalSection(ExtensibilityGlobals) = postSolution
		SolutionGuid = {8D703F42-FA38-4915-A0BC-CB9CF7A13B7E}
	EndGlobalSection
EndGlobal
